// !$*UTF8*$!
{
	archiveVersion = 1;
	classes = {
	};
	objectVersion = 50;
	objects = {

/* Begin PBXBuildFile section */
		1533412C2230EECF0083C93F /* DDTestViewController.swift in Sources */ = {isa = PBXBuildFile; fileRef = 1533412B2230EECF0083C93F /* DDTestViewController.swift */; };
		1533412E223113640083C93F /* DDWaterWaveView.swift in Sources */ = {isa = PBXBuildFile; fileRef = 1533412D223113640083C93F /* DDWaterWaveView.swift */; };
		157175A8222F6480004C4E8F /* AppDelegate.swift in Sources */ = {isa = PBXBuildFile; fileRef = 157175A7222F6480004C4E8F /* AppDelegate.swift */; };
		157175AA222F6480004C4E8F /* ViewController.swift in Sources */ = {isa = PBXBuildFile; fileRef = 157175A9222F6480004C4E8F /* ViewController.swift */; };
		157175AD222F6480004C4E8F /* Main.storyboard in Resources */ = {isa = PBXBuildFile; fileRef = 157175AB222F6480004C4E8F /* Main.storyboard */; };
		157175AF222F6482004C4E8F /* Assets.xcassets in Resources */ = {isa = PBXBuildFile; fileRef = 157175AE222F6482004C4E8F /* Assets.xcassets */; };
		157175B2222F6482004C4E8F /* LaunchScreen.storyboard in Resources */ = {isa = PBXBuildFile; fileRef = 157175B0222F6482004C4E8F /* LaunchScreen.storyboard */; };
/* End PBXBuildFile section */

/* Begin PBXFileReference section */
		1533412B2230EECF0083C93F /* DDTestViewController.swift */ = {isa = PBXFileReference; lastKnownFileType = sourcecode.swift; path = DDTestViewController.swift; sourceTree = "<group>"; };
		1533412D223113640083C93F /* DDWaterWaveView.swift */ = {isa = PBXFileReference; lastKnownFileType = sourcecode.swift; path = DDWaterWaveView.swift; sourceTree = "<group>"; };
		157175A4222F6480004C4E8F /* TestJianBian.app */ = {isa = PBXFileReference; explicitFileType = wrapper.application; includeInIndex = 0; path = TestJianBian.app; sourceTree = BUILT_PRODUCTS_DIR; };
		157175A7222F6480004C4E8F /* AppDelegate.swift */ = {isa = PBXFileReference; lastKnownFileType = sourcecode.swift; path = AppDelegate.swift; sourceTree = "<group>"; };
		157175A9222F6480004C4E8F /* ViewController.swift */ = {isa = PBXFileReference; lastKnownFileType = sourcecode.swift; path = ViewController.swift; sourceTree = "<group>"; };
		157175AC222F6480004C4E8F /* Base */ = {isa = PBXFileReference; lastKnownFileType = file.storyboard; name = Base; path = Base.lproj/Main.storyboard; sourceTree = "<group>"; };
		157175AE222F6482004C4E8F /* Assets.xcassets */ = {isa = PBXFileReference; lastKnownFileType = folder.assetcatalog; path = Assets.xcassets; sourceTree = "<group>"; };
		157175B1222F6482004C4E8F /* Base */ = {isa = PBXFileReference; lastKnownFileType = file.storyboard; name = Base; path = Base.lproj/LaunchScreen.storyboard; sourceTree = "<group>"; };
		157175B3222F6482004C4E8F /* Info.plist */ = {isa = PBXFileReference; lastKnownFileType = text.plist.xml; path = Info.plist; sourceTree = "<group>"; };
/* End PBXFileReference section */

/* Begin PBXFrameworksBuildPhase section */
		157175A1222F6480004C4E8F /* Frameworks */ = {
			isa = PBXFrameworksBuildPhase;
			buildActionMask = 2147483647;
			files = (
			);
			runOnlyForDeploymentPostprocessing = 0;
		};
/* End PBXFrameworksBuildPhase section */

/* Begin PBXGroup section */
		1571759B222F6480004C4E8F = {
			isa = PBXGroup;
			children = (
				157175A6222F6480004C4E8F /* TestJianBian */,
				157175A5222F6480004C4E8F /* Products */,
			);
			sourceTree = "<group>";
		};
		157175A5222F6480004C4E8F /* Products */ = {
			isa = PBXGroup;
			children = (
				157175A4222F6480004C4E8F /* TestJianBian.app */,
			);
			name = Products;
			sourceTree = "<group>";
		};
		157175A6222F6480004C4E8F /* TestJianBian */ = {
			isa = PBXGroup;
			children = (
				157175A7222F6480004C4E8F /* AppDelegate.swift */,
				157175A9222F6480004C4E8F /* ViewController.swift */,
				1533412B2230EECF0083C93F /* DDTestViewController.swift */,
				1533412D223113640083C93F /* DDWaterWaveView.swift */,
				157175AB222F6480004C4E8F /* Main.storyboard */,
				157175AE222F6482004C4E8F /* Assets.xcassets */,
				157175B0222F6482004C4E8F /* LaunchScreen.storyboard */,
				157175B3222F6482004C4E8F /* Info.plist */,
			);
			path = TestJianBian;
			sourceTree = "<group>";
		};
/* End PBXGroup section */

/* Begin PBXNativeTarget section */
		157175A3222F6480004C4E8F /* TestJianBian */ = {
			isa = PBXNativeTarget;
			buildConfigurationList = 157175B6222F6482004C4E8F /* Build configuration list for PBXNativeTarget "TestJianBian" */;
			buildPhases = (
				157175A0222F6480004C4E8F /* Sources */,
				157175A1222F6480004C4E8F /* Frameworks */,
				157175A2222F6480004C4E8F /* Resources */,
			);
			buildRules = (
			);
			dependencies = (
			);
			name = TestJianBian;
			productName = TestJianBian;
			productReference = 157175A4222F6480004C4E8F /* TestJianBian.app */;
			productType = "com.apple.product-type.application";
		};
/* End PBXNativeTarget section */

/* Begin PBXProject section */
		1571759C222F6480004C4E8F /* Project object */ = {
			isa = PBXProject;
			attributes = {
				LastSwiftUpdateCheck = 1010;
				LastUpgradeCheck = 1010;
				ORGANIZATIONNAME = WY;
				TargetAttributes = {
					157175A3222F6480004C4E8F = {
						CreatedOnToolsVersion = 10.1;
					};
				};
			};
			buildConfigurationList = 1571759F222F6480004C4E8F /* Build configuration list for PBXProject "TestJianBian" */;
			compatibilityVersion = "Xcode 9.3";
			developmentRegion = en;
			hasScannedForEncodings = 0;
			knownRegions = (
				en,
				Base,
			);
			mainGroup = 1571759B222F6480004C4E8F;
			productRefGroup = 157175A5222F6480004C4E8F /* Products */;
			projectDirPath = "";
			projectRoot = "";
			targets = (
				157175A3222F6480004C4E8F /* TestJianBian */,
			);
		};
/* End PBXProject section */

/* Begin PBXResourcesBuildPhase section */
		157175A2222F6480004C4E8F /* Resources */ = {
			isa = PBXResourcesBuildPhase;
			buildActionMask = 2147483647;
			files = (
				157175B2222F6482004C4E8F /* LaunchScreen.storyboard in Resources */,
				157175AF222F6482004C4E8F /* Assets.xcassets in Resources */,
				157175AD222F6480004C4E8F /* Main.storyboard in Resources */,
			);
			runOnlyForDeploymentPostprocessing = 0;
		};
/* End PBXResourcesBuildPhase section */

/* Begin PBXSourcesBuildPhase section */
		157175A0222F6480004C4E8F /* Sources */ = {
			isa = PBXSourcesBuildPhase;
			buildActionMask = 2147483647;
			files = (
				1533412C2230EECF0083C93F /* DDTestViewController.swift in Sources */,
				1533412E223113640083C93F /* DDWaterWaveView.swift in Sources */,
				157175AA222F6480004C4E8F /* ViewController.swift in Sources */,
				157175A8222F6480004C4E8F /* AppDelegate.swift in Sources */,
			);
			runOnlyForDeploymentPostprocessing = 0;
		};
/* End PBXSourcesBuildPhase section */

/* Begin PBXVariantGroup section */
		157175AB222F6480004C4E8F /* Main.storyboard */ = {
			isa = PBXVariantGroup;
			children = (
				157175AC222F6480004C4E8F /* Base */,
			);
			name = Main.storyboard;
			sourceTree = "<group>";
		};
		157175B0222F6482004C4E8F /* LaunchScreen.storyboard */ = {
			isa = PBXVariantGroup;
			children = (
				157175B1222F6482004C4E8F /* Base */,
			);
			name = LaunchScreen.storyboard;
			sourceTree = "<group>";
		};
/* End PBXVariantGroup section */

/* Begin XCBuildConfiguration section */
		157175B4222F6482004C4E8F /* Debug */ = {
			isa = XCBuildConfiguration;
			buildSettings = {
				ALWAYS_SEARCH_USER_PATHS = NO;
				CLANG_ANALYZER_NONNULL = YES;
				CLANG_ANALYZER_NUMBER_OBJECT_CONVERSION = YES_AGGRESSIVE;
				CLANG_CXX_LANGUAGE_STANDARD = "gnu++14";
				CLANG_CXX_LIBRARY = "libc++";
				CLANG_ENABLE_MODULES = YES;
				CLANG_ENABLE_OBJC_ARC = YES;
				CLANG_ENABLE_OBJC_WEAK = YES;
				CLANG_WARN_BLOCK_CAPTURE_AUTORELEASING = YES;
				CLANG_WARN_BOOL_CONVERSION = YES;
				CLANG_WARN_COMMA = YES;
				CLANG_WARN_CONSTANT_CONVERSION = YES;
				CLANG_WARN_DEPRECATED_OBJC_IMPLEMENTATIONS = YES;
				CLANG_WARN_DIRECT_OBJC_ISA_USAGE = YES_ERROR;
				CLANG_WARN_DOCUMENTATION_COMMENTS = YES;
				CLANG_WARN_EMPTY_BODY = YES;
				CLANG_WARN_ENUM_CONVERSION = YES;
				CLANG_WARN_INFINITE_RECURSION = YES;
				CLANG_WARN_INT_CONVERSION = YES;
				CLANG_WARN_NON_LITERAL_NULL_CONVERSION = YES;
				CLANG_WARN_OBJC_IMPLICIT_RETAIN_SELF = YES;
				CLANG_WARN_OBJC_LITERAL_CONVERSION = YES;
				CLANG_WARN_OBJC_ROOT_CLASS = YES_ERROR;
				CLANG_WARN_RANGE_LOOP_ANALYSIS = YES;
				CLANG_WARN_STRICT_PROTOTYPES = YES;
				CLANG_WARN_SUSPICIOUS_MOVE = YES;
				CLANG_WARN_UNGUARDED_AVAILABILITY = YES_AGGRESSIVE;
				CLANG_WARN_UNREACHABLE_CODE = YES;
				CLANG_WARN__DUPLICATE_METHOD_MATCH = YES;
				CODE_SIGN_IDENTITY = "iPhone Developer";
				COPY_PHASE_STRIP = NO;
				DEBUG_INFORMATION_FORMAT = dwarf;
				ENABLE_STRICT_OBJC_MSGSEND = YES;
				ENABLE_TESTABILITY = YES;
				GCC_C_LANGUAGE_STANDARD = gnu11;
				GCC_DYNAMIC_NO_PIC = NO;
				GCC_NO_COMMON_BLOCKS = YES;
				GCC_OPTIMIZATION_LEVEL = 0;
				GCC_PREPROCESSOR_DEFINITIONS = (
					"DEBUG=1",
					"$(inherited)",
				);
				GCC_WARN_64_TO_32_BIT_CONVERSION = YES;
				GCC_WARN_ABOUT_RETURN_TYPE = YES_ERROR;
				GCC_WARN_UNDECLARED_SELECTOR = YES;
				GCC_WARN_UNINITIALIZED_AUTOS = YES_AGGRESSIVE;
				GCC_WARN_UNUSED_FUNCTION = YES;
				GCC_WARN_UNUSED_VARIABLE = YES;
				IPHONEOS_DEPLOYMENT_TARGET = 12.1;
				MTL_ENABLE_DEBUG_INFO = INCLUDE_SOURCE;
				MTL_FAST_MATH = YES;
				ONLY_ACTIVE_ARCH = YES;
				SDKROOT = iphoneos;
				SWIFT_ACTIVE_COMPILATION_CONDITIONS = DEBUG;
				SWIFT_OPTIMIZATION_LEVEL = "-Onone";
			};
			name = Debug;
		};
		157175B5222F6482004C4E8F /* Release */ = {
			isa = XCBuildConfiguration;
			buildSettings = {
				ALWAYS_SEARCH_USER_PATHS = NO;
				CLANG_ANALYZER_NONNULL = YES;
				CLANG_ANALYZER_NUMBER_OBJECT_CONVERSION = YES_AGGRESSIVE;
				CLANG_CXX_LANGUAGE_STANDARD = "gnu++14";
				CLANG_CXX_LIBRARY = "libc++";
				CLANG_ENABLE_MODULES = YES;
				CLANG_ENABLE_OBJC_ARC = YES;
				CLANG_ENABLE_OBJC_WEAK = YES;
				CLANG_WARN_BLOCK_CAPTURE_AUTORELEASING = YES;
				CLANG_WARN_BOOL_CONVERSION = YES;
				CLANG_WARN_COMMA = YES;
				CLANG_WARN_CONSTANT_CONVERSION = YES;
				CLANG_WARN_DEPRECATED_OBJC_IMPLEMENTATIONS = YES;
				CLANG_WARN_DIRECT_OBJC_ISA_USAGE = YES_ERROR;
				CLANG_WARN_DOCUMENTATION_COMMENTS = YES;
				CLANG_WARN_EMPTY_BODY = YES;
				CLANG_WARN_ENUM_CONVERSION = YES;
				CLANG_WARN_INFINITE_RECURSION = YES;
				CLANG_WARN_INT_CONVERSION = YES;
				CLANG_WARN_NON_LITERAL_NULL_CONVERSION = YES;
				CLANG_WARN_OBJC_IMPLICIT_RETAIN_SELF = YES;
				CLANG_WARN_OBJC_LITERAL_CONVERSION = YES;
				CLANG_WARN_OBJC_ROOT_CLASS = YES_ERROR;
				CLANG_WARN_RANGE_LOOP_ANALYSIS = YES;
				CLANG_WARN_STRICT_PROTOTYPES = YES;
				CLANG_WARN_SUSPICIOUS_MOVE = YES;
				CLANG_WARN_UNGUARDED_AVAILABILITY = YES_AGGRESSIVE;
				CLANG_WARN_UNREACHABLE_CODE = YES;
				CLANG_WARN__DUPLICATE_METHOD_MATCH = YES;
				CODE_SIGN_IDENTITY = "iPhone Developer";
				COPY_PHASE_STRIP = NO;
				DEBUG_INFORMATION_FORMAT = "dwarf-with-dsym";
				ENABLE_NS_ASSERTIONS = NO;
				ENABLE_STRICT_OBJC_MSGSEND = YES;
				GCC_C_LANGUAGE_STANDARD = gnu11;
				GCC_NO_COMMON_BLOCKS = YES;
				GCC_WARN_64_TO_32_BIT_CONVERSION = YES;
				GCC_WARN_ABOUT_RETURN_TYPE = YES_ERROR;
				GCC_WARN_UNDECLARED_SELECTOR = YES;
				GCC_WARN_UNINITIALIZED_AUTOS = YES_AGGRESSIVE;
				GCC_WARN_UNUSED_FUNCTION = YES;
				GCC_WARN_UNUSED_VARIABLE = YES;
				IPHONEOS_DEPLOYMENT_TARGET = 12.1;
				MTL_ENABLE_DEBUG_INFO = NO;
				MTL_FAST_MATH = YES;
				SDKROOT = iphoneos;
				SWIFT_COMPILATION_MODE = wholemodule;
				SWIFT_OPTIMIZATION_LEVEL = "-O";
				VALIDATE_PRODUCT = YES;
			};
			name = Release;
		};
		157175B7222F6482004C4E8F /* Debug */ = {
			isa = XCBuildConfiguration;
			buildSettings = {
				ASSETCATALOG_COMPILER_APPICON_NAME = AppIcon;
				CODE_SIGN_STYLE = Automatic;
				DEVELOPMENT_TEAM = 3UW7CLR3FH;
				INFOPLIST_FILE = TestJianBian/Info.plist;
				LD_RUNPATH_SEARCH_PATHS = (
					"$(inherited)",
					"@executable_path/Frameworks",
				);
				PRODUCT_BUNDLE_IDENTIFIER = hhcszgd.TestJianBian;
				PRODUCT_NAME = "$(TARGET_NAME)";
				SWIFT_VERSION = 4.2;
				TARGETED_DEVICE_FAMILY = "1,2";
			};
			name = Debug;
		};
		157175B8222F6482004C4E8F /* Release */ = {
			isa = XCBuildConfiguration;
			buildSettings = {
				ASSETCATALOG_COMPILER_APPICON_NAME = AppIcon;
				CODE_SIGN_STYLE = Automatic;
				DEVELOPMENT_TEAM = 3UW7CLR3FH;
				INFOPLIST_FILE = TestJianBian/Info.plist;
				LD_RUNPATH_SEARCH_PATHS = (
					"$(inherited)",
					"@executable_path/Frameworks",
				);
				PRODUCT_BUNDLE_IDENTIFIER = hhcszgd.TestJianBian;
				PRODUCT_NAME = "$(TARGET_NAME)";
				SWIFT_VERSION = 4.2;
				TARGETED_DEVICE_FAMILY = "1,2";
			};
			name = Release;
		};
/* End XCBuildConfiguration section */

/* Begin XCConfigurationList section */
		1571759F222F6480004C4E8F /* Build configuration list for PBXProject "TestJianBian" */ = {
			isa = XCConfigurationList;
			buildConfigurations = (
				157175B4222F6482004C4E8F /* Debug */,
				157175B5222F6482004C4E8F /* Release */,
			);
			defaultConfigurationIsVisible = 0;
			defaultConfigurationName = Release;
		};
		157175B6222F6482004C4E8F /* Build configuration list for PBXNativeTarget "TestJianBian" */ = {
			isa = XCConfigurationList;
			buildConfigurations = (
				157175B7222F6482004C4E8F /* Debug */,
				157175B8222F6482004C4E8F /* Release */,
			);
			defaultConfigurationIsVisible = 0;
			defaultConfigurationName = Release;
		};
/* End XCConfigurationList section */
	};
	rootObject = 1571759C222F6480004C4E8F /* Project object */;
}
